
Microsoft Visual Studio Solution File, Format Version 12.00
# Visual Studio Version 16
VisualStudioVersion = 16.0.30320.27
MinimumVisualStudioVersion = 10.0.40219.1
Project("{9A19103F-16F7-4668-BE54-9A1E7A4F7556}") = "EZPayroll.MVC", "EZPayroll.MVC.csproj", "{A523C814-6D5F-434F-89A5-3E3207833EEE}"
EndProject
Global
	GlobalSection(SolutionConfigurationPlatforms) = preSolution
		Debug|Any CPU = Debug|Any CPU
		Release|Any CPU = Release|Any CPU
	EndGlobalSection
	GlobalSection(ProjectConfigurationPlatforms) = postSolution
		{A523C814-6D5F-434F-89A5-3E3207833EEE}.Debug|Any CPU.ActiveCfg = Debug|Any CPU
		{A523C814-6D5F-434F-89A5-3E3207833EEE}.Debug|Any CPU.Build.0 = Debug|Any CPU
		{A523C814-6D5F-434F-89A5-3E3207833EEE}.Release|Any CPU.ActiveCfg = Release|Any CPU
		{A523C814-6D5F-434F-89A5-3E3207833EEE}.Release|Any CPU.Build.0 = Release|Any CPU
	EndGlobalSection
	GlobalSection(SolutionProperties) = preSolution
		HideSolutionNode = FALSE
	EndGlobalSection
	GlobalSection(ExtensibilityGlobals) = postSolution
		SolutionGuid = {4E753D26-25EE-4F8D-90CF-3218E7124355}
	EndGlobalSection
EndGlobal
